
Microsoft Visual Studio Solution File, Format Version 12.00
# Visual Studio Version 16
VisualStudioVersion = 16.0.30907.101
MinimumVisualStudioVersion = 10.0.40219.1
Project("{2150E333-8FDC-42A3-9474-1A3956D46DE8}") = "src", "src", "{13E2176A-AA9D-49FD-B797-1C4F7971CE28}"
EndProject
Project("{9A19103F-16F7-4668-BE54-9A1E7A4F7556}") = "BlindDateBot", "BlindDateBot\BlindDateBot.csproj", "{C3D4BF01-DBED-4A53-8833-5D7A84B89603}"
EndProject
Project("{9A19103F-16F7-4668-BE54-9A1E7A4F7556}") = "BotExecuter", "BotExecuter\BotExecuter.csproj", "{FEBD2DA9-EC12-4280-8796-B8D976FA71A6}"
EndProject
Project("{FAE04EC0-301F-11D3-BF4B-00C04F79EFBC}") = "BlindDateBot.Domain", "BlindDateBot.Domain\BlindDateBot.Domain.csproj", "{44118560-2EE4-42F4-9D8B-E550992E92B4}"
EndProject
Project("{FAE04EC0-301F-11D3-BF4B-00C04F79EFBC}") = "BlindDateBot.Data", "BlindDateBot.Data\BlindDateBot.Data.csproj", "{94CCC015-3799-41DE-A77A-50F1FFCAA517}"
EndProject
Global
	GlobalSection(SolutionConfigurationPlatforms) = preSolution
		Debug|Any CPU = Debug|Any CPU
		Release|Any CPU = Release|Any CPU
	EndGlobalSection
	GlobalSection(ProjectConfigurationPlatforms) = postSolution
		{C3D4BF01-DBED-4A53-8833-5D7A84B89603}.Debug|Any CPU.ActiveCfg = Debug|Any CPU
		{C3D4BF01-DBED-4A53-8833-5D7A84B89603}.Debug|Any CPU.Build.0 = Debug|Any CPU
		{C3D4BF01-DBED-4A53-8833-5D7A84B89603}.Release|Any CPU.ActiveCfg = Release|Any CPU
		{C3D4BF01-DBED-4A53-8833-5D7A84B89603}.Release|Any CPU.Build.0 = Release|Any CPU
		{FEBD2DA9-EC12-4280-8796-B8D976FA71A6}.Debug|Any CPU.ActiveCfg = Debug|Any CPU
		{FEBD2DA9-EC12-4280-8796-B8D976FA71A6}.Debug|Any CPU.Build.0 = Debug|Any CPU
		{FEBD2DA9-EC12-4280-8796-B8D976FA71A6}.Release|Any CPU.ActiveCfg = Release|Any CPU
		{FEBD2DA9-EC12-4280-8796-B8D976FA71A6}.Release|Any CPU.Build.0 = Release|Any CPU
		{44118560-2EE4-42F4-9D8B-E550992E92B4}.Debug|Any CPU.ActiveCfg = Debug|Any CPU
		{44118560-2EE4-42F4-9D8B-E550992E92B4}.Debug|Any CPU.Build.0 = Debug|Any CPU
		{44118560-2EE4-42F4-9D8B-E550992E92B4}.Release|Any CPU.ActiveCfg = Release|Any CPU
		{44118560-2EE4-42F4-9D8B-E550992E92B4}.Release|Any CPU.Build.0 = Release|Any CPU
		{94CCC015-3799-41DE-A77A-50F1FFCAA517}.Debug|Any CPU.ActiveCfg = Debug|Any CPU
		{94CCC015-3799-41DE-A77A-50F1FFCAA517}.Debug|Any CPU.Build.0 = Debug|Any CPU
		{94CCC015-3799-41DE-A77A-50F1FFCAA517}.Release|Any CPU.ActiveCfg = Release|Any CPU
		{94CCC015-3799-41DE-A77A-50F1FFCAA517}.Release|Any CPU.Build.0 = Release|Any CPU
	EndGlobalSection
	GlobalSection(SolutionProperties) = preSolution
		HideSolutionNode = FALSE
	EndGlobalSection
	GlobalSection(NestedProjects) = preSolution
		{C3D4BF01-DBED-4A53-8833-5D7A84B89603} = {13E2176A-AA9D-49FD-B797-1C4F7971CE28}
		{FEBD2DA9-EC12-4280-8796-B8D976FA71A6} = {13E2176A-AA9D-49FD-B797-1C4F7971CE28}
		{44118560-2EE4-42F4-9D8B-E550992E92B4} = {13E2176A-AA9D-49FD-B797-1C4F7971CE28}
		{94CCC015-3799-41DE-A77A-50F1FFCAA517} = {13E2176A-AA9D-49FD-B797-1C4F7971CE28}
	EndGlobalSection
	GlobalSection(ExtensibilityGlobals) = postSolution
		SolutionGuid = {E602953F-61BD-4FF6-90D6-1D2AB1410AF1}
	EndGlobalSection
EndGlobal
